
Microsoft Visual Studio Solution File, Format Version 12.00
# Visual Studio Version 17
VisualStudioVersion = 17.0.31423.177
MinimumVisualStudioVersion = 10.0.40219.1
Project("{9A19103F-16F7-4668-BE54-9A1E7A4F7556}") = "HtmlPageExtractorTest", "HtmlPageExtractorTest\HtmlPageExtractorTest.csproj", "{842A51AF-7440-4AA2-B195-A04769FD3CFD}"
EndProject
Global
	GlobalSection(SolutionConfigurationPlatforms) = preSolution
		Debug|Any CPU = Debug|Any CPU
		Release|Any CPU = Release|Any CPU
	EndGlobalSection
	GlobalSection(ProjectConfigurationPlatforms) = postSolution
		{842A51AF-7440-4AA2-B195-A04769FD3CFD}.Debug|Any CPU.ActiveCfg = Debug|Any CPU
		{842A51AF-7440-4AA2-B195-A04769FD3CFD}.Debug|Any CPU.Build.0 = Debug|Any CPU
		{842A51AF-7440-4AA2-B195-A04769FD3CFD}.Release|Any CPU.ActiveCfg = Release|Any CPU
		{842A51AF-7440-4AA2-B195-A04769FD3CFD}.Release|Any CPU.Build.0 = Release|Any CPU
	EndGlobalSection
	GlobalSection(SolutionProperties) = preSolution
		HideSolutionNode = FALSE
	EndGlobalSection
	GlobalSection(ExtensibilityGlobals) = postSolution
		SolutionGuid = {7BF72C6A-C673-4BB0-9E83-8AF063B16484}
	EndGlobalSection
EndGlobal
